{
  "name": "foodgram-project-react",
  "lockfileVersion": 2,
  "requires": true,
  "packages": {
    "": {
      "dependencies": {
        "@sentry/react": "^7.70.0",
        "@sentry/tracing": "^7.70.0"
      }
    },
    "node_modules/@sentry-internal/tracing": {
      "version": "7.70.0",
      "resolved": "https://registry.npmjs.org/@sentry-internal/tracing/-/tracing-7.70.0.tgz",
      "integrity": "sha512-SpbE6wZhs6QwG2ORWCt8r28o1T949qkWx/KeRTCdK4Ub95PQ3Y3DgnqD8Wz//3q50Wt6EZDEibmz4t067g6PPg==",
      "dependencies": {
        "@sentry/core": "7.70.0",
        "@sentry/types": "7.70.0",
        "@sentry/utils": "7.70.0",
        "tslib": "^2.4.1 || ^1.9.3"
      },
      "engines": {
        "node": ">=8"
      }
    },
    "node_modules/@sentry/browser": {
      "version": "7.70.0",
      "resolved": "https://registry.npmjs.org/@sentry/browser/-/browser-7.70.0.tgz",
      "integrity": "sha512-PB+IP49/TLcnDHCj9eJ5tcHE0pzXg23wBakmF3KGMSd5nxEbUvmOsaFPZcgUUlL9JlU3v1Y40We7HdPStrY6oA==",
      "dependencies": {
        "@sentry-internal/tracing": "7.70.0",
        "@sentry/core": "7.70.0",
        "@sentry/replay": "7.70.0",
        "@sentry/types": "7.70.0",
        "@sentry/utils": "7.70.0",
        "tslib": "^2.4.1 || ^1.9.3"
      },
      "engines": {
        "node": ">=8"
      }
    },
    "node_modules/@sentry/core": {
      "version": "7.70.0",
      "resolved": "https://registry.npmjs.org/@sentry/core/-/core-7.70.0.tgz",
      "integrity": "sha512-voUsGVM+jwRp99AQYFnRvr7sVd2tUhIMj1L6F42LtD3vp7t5ZnKp3NpXagtFW2vWzXESfyJUBhM0qI/bFvn7ZA==",
      "dependencies": {
        "@sentry/types": "7.70.0",
        "@sentry/utils": "7.70.0",
        "tslib": "^2.4.1 || ^1.9.3"
      },
      "engines": {
        "node": ">=8"
      }
    },
    "node_modules/@sentry/react": {
      "version": "7.70.0",
      "resolved": "https://registry.npmjs.org/@sentry/react/-/react-7.70.0.tgz",
      "integrity": "sha512-oFd1NEG6S3nczZY8ZFQdEY9ZOfgOvJT1KRoXaSaBIC1KjL0+ngX9TKg+eiYxvI0euxnY5jCwozbA0NsDXqwN7A==",
      "dependencies": {
        "@sentry/browser": "7.70.0",
        "@sentry/types": "7.70.0",
        "@sentry/utils": "7.70.0",
        "hoist-non-react-statics": "^3.3.2",
        "tslib": "^2.4.1 || ^1.9.3"
      },
      "engines": {
        "node": ">=8"
      },
      "peerDependencies": {
        "react": "15.x || 16.x || 17.x || 18.x"
      }
    },
    "node_modules/@sentry/replay": {
      "version": "7.70.0",
      "resolved": "https://registry.npmjs.org/@sentry/replay/-/replay-7.70.0.tgz",
      "integrity": "sha512-XjnyE6ORREz9kBWWHdXaIjS9P2Wo7uEw+y23vfLQwzV0Nx3xJ+FG4dwf8onyIoeCZDKbz7cqQIbugU1gkgUtZw==",
      "dependencies": {
        "@sentry/core": "7.70.0",
        "@sentry/types": "7.70.0",
        "@sentry/utils": "7.70.0"
      },
      "engines": {
        "node": ">=12"
      }
    },
    "node_modules/@sentry/tracing": {
      "version": "7.70.0",
      "resolved": "https://registry.npmjs.org/@sentry/tracing/-/tracing-7.70.0.tgz",
      "integrity": "sha512-IBEkYl+RZD8QnRXi2vIa2nC2hueYeK6nK3hxsZNXmNC7x+OzRl/5n1kCH97Zoob2cnuSu9ap/duujC6odiB4Mw==",
      "dependencies": {
        "@sentry-internal/tracing": "7.70.0"
      },
      "engines": {
        "node": ">=8"
      }
    },
    "node_modules/@sentry/types": {
      "version": "7.70.0",
      "resolved": "https://registry.npmjs.org/@sentry/types/-/types-7.70.0.tgz",
      "integrity": "sha512-rY4DqpiDBtXSk4MDNBH3dwWqfPbNBI/9GA7Y5WJSIcObBtfBKp0fzYliHJZD0pgM7d4DPFrDn42K9Iiumgymkw==",
      "engines": {
        "node": ">=8"
      }
    },
    "node_modules/@sentry/utils": {
      "version": "7.70.0",
      "resolved": "https://registry.npmjs.org/@sentry/utils/-/utils-7.70.0.tgz",
      "integrity": "sha512-0cChMH0lsGp+5I3D4wOHWwjFN19HVrGUs7iWTLTO5St3EaVbdeLbI1vFXHxMxvopbwgpeZafbreHw/loIdZKpw==",
      "dependencies": {
        "@sentry/types": "7.70.0",
        "tslib": "^2.4.1 || ^1.9.3"
      },
      "engines": {
        "node": ">=8"
      }
    },
    "node_modules/hoist-non-react-statics": {
      "version": "3.3.2",
      "resolved": "https://registry.npmjs.org/hoist-non-react-statics/-/hoist-non-react-statics-3.3.2.tgz",
      "integrity": "sha512-/gGivxi8JPKWNm/W0jSmzcMPpfpPLc3dY/6GxhX2hQ9iGj3aDfklV4ET7NjKpSinLpJ5vafa9iiGIEZg10SfBw==",
      "dependencies": {
        "react-is": "^16.7.0"
      }
    },
    "node_modules/js-tokens": {
      "version": "4.0.0",
      "resolved": "https://registry.npmjs.org/js-tokens/-/js-tokens-4.0.0.tgz",
      "integrity": "sha512-RdJUflcE3cUzKiMqQgsCu06FPu9UdIJO0beYbPhHN4k6apgJtifcoCtT9bcxOpYBtpD2kCM6Sbzg4CausW/PKQ==",
      "peer": true
    },
    "node_modules/loose-envify": {
      "version": "1.4.0",
      "resolved": "https://registry.npmjs.org/loose-envify/-/loose-envify-1.4.0.tgz",
      "integrity": "sha512-lyuxPGr/Wfhrlem2CL/UcnUc1zcqKAImBDzukY7Y5F/yQiNdko6+fRLevlw1HgMySw7f611UIY408EtxRSoK3Q==",
      "peer": true,
      "dependencies": {
        "js-tokens": "^3.0.0 || ^4.0.0"
      },
      "bin": {
        "loose-envify": "cli.js"
      }
    },
    "node_modules/react": {
      "version": "18.2.0",
      "resolved": "https://registry.npmjs.org/react/-/react-18.2.0.tgz",
      "integrity": "sha512-/3IjMdb2L9QbBdWiW5e3P2/npwMBaU9mHCSCUzNln0ZCYbcfTsGbTJrU/kGemdH2IWmB2ioZ+zkxtmq6g09fGQ==",
      "peer": true,
      "dependencies": {
        "loose-envify": "^1.1.0"
      },
      "engines": {
        "node": ">=0.10.0"
      }
    },
    "node_modules/react-is": {
      "version": "16.13.1",
      "resolved": "https://registry.npmjs.org/react-is/-/react-is-16.13.1.tgz",
      "integrity": "sha512-24e6ynE2H+OKt4kqsOvNd8kBpV65zoxbA4BVsEOB3ARVWQki/DHzaUoC5KuON/BiccDaCCTZBuOcfZs70kR8bQ=="
    },
    "node_modules/tslib": {
      "version": "2.6.2",
      "resolved": "https://registry.npmjs.org/tslib/-/tslib-2.6.2.tgz",
      "integrity": "sha512-AEYxH93jGFPn/a2iVAwW87VuUIkR1FVUKB77NwMF7nBTDkDrrT/Hpt/IrCJ0QXhW27jTBDcf5ZY7w6RiqTMw2Q=="
    }
  },
  "dependencies": {
    "@sentry-internal/tracing": {
      "version": "7.70.0",
      "resolved": "https://registry.npmjs.org/@sentry-internal/tracing/-/tracing-7.70.0.tgz",
      "integrity": "sha512-SpbE6wZhs6QwG2ORWCt8r28o1T949qkWx/KeRTCdK4Ub95PQ3Y3DgnqD8Wz//3q50Wt6EZDEibmz4t067g6PPg==",
      "requires": {
        "@sentry/core": "7.70.0",
        "@sentry/types": "7.70.0",
        "@sentry/utils": "7.70.0",
        "tslib": "^2.4.1 || ^1.9.3"
      }
    },
    "@sentry/browser": {
      "version": "7.70.0",
      "resolved": "https://registry.npmjs.org/@sentry/browser/-/browser-7.70.0.tgz",
      "integrity": "sha512-PB+IP49/TLcnDHCj9eJ5tcHE0pzXg23wBakmF3KGMSd5nxEbUvmOsaFPZcgUUlL9JlU3v1Y40We7HdPStrY6oA==",
      "requires": {
        "@sentry-internal/tracing": "7.70.0",
        "@sentry/core": "7.70.0",
        "@sentry/replay": "7.70.0",
        "@sentry/types": "7.70.0",
        "@sentry/utils": "7.70.0",
        "tslib": "^2.4.1 || ^1.9.3"
      }
    },
    "@sentry/core": {
      "version": "7.70.0",
      "resolved": "https://registry.npmjs.org/@sentry/core/-/core-7.70.0.tgz",
      "integrity": "sha512-voUsGVM+jwRp99AQYFnRvr7sVd2tUhIMj1L6F42LtD3vp7t5ZnKp3NpXagtFW2vWzXESfyJUBhM0qI/bFvn7ZA==",
      "requires": {
        "@sentry/types": "7.70.0",
        "@sentry/utils": "7.70.0",
        "tslib": "^2.4.1 || ^1.9.3"
      }
    },
    "@sentry/react": {
      "version": "7.70.0",
      "resolved": "https://registry.npmjs.org/@sentry/react/-/react-7.70.0.tgz",
      "integrity": "sha512-oFd1NEG6S3nczZY8ZFQdEY9ZOfgOvJT1KRoXaSaBIC1KjL0+ngX9TKg+eiYxvI0euxnY5jCwozbA0NsDXqwN7A==",
      "requires": {
        "@sentry/browser": "7.70.0",
        "@sentry/types": "7.70.0",
        "@sentry/utils": "7.70.0",
        "hoist-non-react-statics": "^3.3.2",
        "tslib": "^2.4.1 || ^1.9.3"
      }
    },
    "@sentry/replay": {
      "version": "7.70.0",
      "resolved": "https://registry.npmjs.org/@sentry/replay/-/replay-7.70.0.tgz",
      "integrity": "sha512-XjnyE6ORREz9kBWWHdXaIjS9P2Wo7uEw+y23vfLQwzV0Nx3xJ+FG4dwf8onyIoeCZDKbz7cqQIbugU1gkgUtZw==",
      "requires": {
        "@sentry/core": "7.70.0",
        "@sentry/types": "7.70.0",
        "@sentry/utils": "7.70.0"
      }
    },
    "@sentry/tracing": {
      "version": "7.70.0",
      "resolved": "https://registry.npmjs.org/@sentry/tracing/-/tracing-7.70.0.tgz",
      "integrity": "sha512-IBEkYl+RZD8QnRXi2vIa2nC2hueYeK6nK3hxsZNXmNC7x+OzRl/5n1kCH97Zoob2cnuSu9ap/duujC6odiB4Mw==",
      "requires": {
        "@sentry-internal/tracing": "7.70.0"
      }
    },
    "@sentry/types": {
      "version": "7.70.0",
      "resolved": "https://registry.npmjs.org/@sentry/types/-/types-7.70.0.tgz",
      "integrity": "sha512-rY4DqpiDBtXSk4MDNBH3dwWqfPbNBI/9GA7Y5WJSIcObBtfBKp0fzYliHJZD0pgM7d4DPFrDn42K9Iiumgymkw=="
    },
    "@sentry/utils": {
      "version": "7.70.0",
      "resolved": "https://registry.npmjs.org/@sentry/utils/-/utils-7.70.0.tgz",
      "integrity": "sha512-0cChMH0lsGp+5I3D4wOHWwjFN19HVrGUs7iWTLTO5St3EaVbdeLbI1vFXHxMxvopbwgpeZafbreHw/loIdZKpw==",
      "requires": {
        "@sentry/types": "7.70.0",
        "tslib": "^2.4.1 || ^1.9.3"
      }
    },
    "hoist-non-react-statics": {
      "version": "3.3.2",
      "resolved": "https://registry.npmjs.org/hoist-non-react-statics/-/hoist-non-react-statics-3.3.2.tgz",
      "integrity": "sha512-/gGivxi8JPKWNm/W0jSmzcMPpfpPLc3dY/6GxhX2hQ9iGj3aDfklV4ET7NjKpSinLpJ5vafa9iiGIEZg10SfBw==",
      "requires": {
        "react-is": "^16.7.0"
      }
    },
    "js-tokens": {
      "version": "4.0.0",
      "resolved": "https://registry.npmjs.org/js-tokens/-/js-tokens-4.0.0.tgz",
      "integrity": "sha512-RdJUflcE3cUzKiMqQgsCu06FPu9UdIJO0beYbPhHN4k6apgJtifcoCtT9bcxOpYBtpD2kCM6Sbzg4CausW/PKQ==",
      "peer": true
    },
    "loose-envify": {
      "version": "1.4.0",
      "resolved": "https://registry.npmjs.org/loose-envify/-/loose-envify-1.4.0.tgz",
      "integrity": "sha512-lyuxPGr/Wfhrlem2CL/UcnUc1zcqKAImBDzukY7Y5F/yQiNdko6+fRLevlw1HgMySw7f611UIY408EtxRSoK3Q==",
      "peer": true,
      "requires": {
        "js-tokens": "^3.0.0 || ^4.0.0"
      }
    },
    "react": {
      "version": "18.2.0",
      "resolved": "https://registry.npmjs.org/react/-/react-18.2.0.tgz",
      "integrity": "sha512-/3IjMdb2L9QbBdWiW5e3P2/npwMBaU9mHCSCUzNln0ZCYbcfTsGbTJrU/kGemdH2IWmB2ioZ+zkxtmq6g09fGQ==",
      "peer": true,
      "requires": {
        "loose-envify": "^1.1.0"
      }
    },
    "react-is": {
      "version": "16.13.1",
      "resolved": "https://registry.npmjs.org/react-is/-/react-is-16.13.1.tgz",
      "integrity": "sha512-24e6ynE2H+OKt4kqsOvNd8kBpV65zoxbA4BVsEOB3ARVWQki/DHzaUoC5KuON/BiccDaCCTZBuOcfZs70kR8bQ=="
    },
    "tslib": {
      "version": "2.6.2",
      "resolved": "https://registry.npmjs.org/tslib/-/tslib-2.6.2.tgz",
      "integrity": "sha512-AEYxH93jGFPn/a2iVAwW87VuUIkR1FVUKB77NwMF7nBTDkDrrT/Hpt/IrCJ0QXhW27jTBDcf5ZY7w6RiqTMw2Q=="
    }
  }
}
